
Microsoft Visual Studio Solution File, Format Version 12.00
# Visual Studio Version 17
VisualStudioVersion = 17.1.32228.430
MinimumVisualStudioVersion = 10.0.40219.1
Project("{FAE04EC0-301F-11D3-BF4B-00C04F79EFBC}") = "23Dec_Lab1", "23Dec_Lab1\23Dec_Lab1.csproj", "{2A398839-1315-42FC-A7E9-88991DF30FFE}"
EndProject
Global
	GlobalSection(SolutionConfigurationPlatforms) = preSolution
		Debug|Any CPU = Debug|Any CPU
		Release|Any CPU = Release|Any CPU
	EndGlobalSection
	GlobalSection(ProjectConfigurationPlatforms) = postSolution
		{2A398839-1315-42FC-A7E9-88991DF30FFE}.Debug|Any CPU.ActiveCfg = Debug|Any CPU
		{2A398839-1315-42FC-A7E9-88991DF30FFE}.Debug|Any CPU.Build.0 = Debug|Any CPU
		{2A398839-1315-42FC-A7E9-88991DF30FFE}.Release|Any CPU.ActiveCfg = Release|Any CPU
		{2A398839-1315-42FC-A7E9-88991DF30FFE}.Release|Any CPU.Build.0 = Release|Any CPU
	EndGlobalSection
	GlobalSection(SolutionProperties) = preSolution
		HideSolutionNode = FALSE
	EndGlobalSection
	GlobalSection(ExtensibilityGlobals) = postSolution
		SolutionGuid = {FAC67E7C-74FC-4A91-A10D-A96B699C6F3B}
	EndGlobalSection
EndGlobal
